
Microsoft Visual Studio Solution File, Format Version 12.00
# Visual Studio Version 16
VisualStudioVersion = 16.0.31105.61
MinimumVisualStudioVersion = 10.0.40219.1
Project("{FAE04EC0-301F-11D3-BF4B-00C04F79EFBC}") = "CleanCodeDAPPER.API", "CleanCodeDAPPER\CleanCodeDAPPER.API.csproj", "{7CD6372D-6943-4F44-9D69-096557519A10}"
EndProject
Project("{FAE04EC0-301F-11D3-BF4B-00C04F79EFBC}") = "CleanCodeDAPPER.ApplicationCore", "CleanCodeDapper.ApplicationCore\CleanCodeDAPPER.ApplicationCore.csproj", "{746D6F8E-4E62-4BC8-9F11-D0CAFD5327A5}"
EndProject
Project("{FAE04EC0-301F-11D3-BF4B-00C04F79EFBC}") = "CleanCodeDAPPER.Infrastructure", "CleanCodeDAPPER.Infrastructure\CleanCodeDAPPER.Infrastructure.csproj", "{8267550E-18C6-405D-AE91-AA70130378EA}"
EndProject
Global
	GlobalSection(SolutionConfigurationPlatforms) = preSolution
		Debug|Any CPU = Debug|Any CPU
		Release|Any CPU = Release|Any CPU
	EndGlobalSection
	GlobalSection(ProjectConfigurationPlatforms) = postSolution
		{7CD6372D-6943-4F44-9D69-096557519A10}.Debug|Any CPU.ActiveCfg = Debug|Any CPU
		{7CD6372D-6943-4F44-9D69-096557519A10}.Debug|Any CPU.Build.0 = Debug|Any CPU
		{7CD6372D-6943-4F44-9D69-096557519A10}.Release|Any CPU.ActiveCfg = Release|Any CPU
		{7CD6372D-6943-4F44-9D69-096557519A10}.Release|Any CPU.Build.0 = Release|Any CPU
		{746D6F8E-4E62-4BC8-9F11-D0CAFD5327A5}.Debug|Any CPU.ActiveCfg = Debug|Any CPU
		{746D6F8E-4E62-4BC8-9F11-D0CAFD5327A5}.Debug|Any CPU.Build.0 = Debug|Any CPU
		{746D6F8E-4E62-4BC8-9F11-D0CAFD5327A5}.Release|Any CPU.ActiveCfg = Release|Any CPU
		{746D6F8E-4E62-4BC8-9F11-D0CAFD5327A5}.Release|Any CPU.Build.0 = Release|Any CPU
		{8267550E-18C6-405D-AE91-AA70130378EA}.Debug|Any CPU.ActiveCfg = Debug|Any CPU
		{8267550E-18C6-405D-AE91-AA70130378EA}.Debug|Any CPU.Build.0 = Debug|Any CPU
		{8267550E-18C6-405D-AE91-AA70130378EA}.Release|Any CPU.ActiveCfg = Release|Any CPU
		{8267550E-18C6-405D-AE91-AA70130378EA}.Release|Any CPU.Build.0 = Release|Any CPU
	EndGlobalSection
	GlobalSection(SolutionProperties) = preSolution
		HideSolutionNode = FALSE
	EndGlobalSection
	GlobalSection(ExtensibilityGlobals) = postSolution
		SolutionGuid = {0258D9BD-0B2C-4DCD-A251-A788239B74FA}
	EndGlobalSection
EndGlobal
